
Microsoft Visual Studio Solution File, Format Version 12.00
# Visual Studio Version 16
VisualStudioVersion = 16.0.31613.86
MinimumVisualStudioVersion = 10.0.40219.1
Project("{FAE04EC0-301F-11D3-BF4B-00C04F79EFBC}") = "tarea2", "tarea2\tarea2.csproj", "{92DFA6EE-FF66-4A99-89EE-3DD32EA092B1}"
EndProject
Global
	GlobalSection(SolutionConfigurationPlatforms) = preSolution
		Debug|Any CPU = Debug|Any CPU
		Release|Any CPU = Release|Any CPU
	EndGlobalSection
	GlobalSection(ProjectConfigurationPlatforms) = postSolution
		{92DFA6EE-FF66-4A99-89EE-3DD32EA092B1}.Debug|Any CPU.ActiveCfg = Debug|Any CPU
		{92DFA6EE-FF66-4A99-89EE-3DD32EA092B1}.Debug|Any CPU.Build.0 = Debug|Any CPU
		{92DFA6EE-FF66-4A99-89EE-3DD32EA092B1}.Release|Any CPU.ActiveCfg = Release|Any CPU
		{92DFA6EE-FF66-4A99-89EE-3DD32EA092B1}.Release|Any CPU.Build.0 = Release|Any CPU
	EndGlobalSection
	GlobalSection(SolutionProperties) = preSolution
		HideSolutionNode = FALSE
	EndGlobalSection
	GlobalSection(ExtensibilityGlobals) = postSolution
		SolutionGuid = {B5C9E442-428D-4343-8385-A89FFC071CE8}
	EndGlobalSection
EndGlobal
